// !$*UTF8*$!
{
	archiveVersion = 1;
	classes = {
	};
	objectVersion = 56;
	objects = {

/* Begin PBXBuildFile section */
		492D4FF22AB5CE8B00331319 /* SwiftUI_iExpense_SampleApp.swift in Sources */ = {isa = PBXBuildFile; fileRef = 492D4FF12AB5CE8B00331319 /* SwiftUI_iExpense_SampleApp.swift */; };
		492D4FF42AB5CE8B00331319 /* ContentView.swift in Sources */ = {isa = PBXBuildFile; fileRef = 492D4FF32AB5CE8B00331319 /* ContentView.swift */; };
		492D4FF62AB5CE8D00331319 /* Assets.xcassets in Resources */ = {isa = PBXBuildFile; fileRef = 492D4FF52AB5CE8D00331319 /* Assets.xcassets */; };
		492D4FF92AB5CE8D00331319 /* Preview Assets.xcassets in Resources */ = {isa = PBXBuildFile; fileRef = 492D4FF82AB5CE8D00331319 /* Preview Assets.xcassets */; };
		492D50012AB5CED600331319 /* ExpenseItem.swift in Sources */ = {isa = PBXBuildFile; fileRef = 492D50002AB5CED600331319 /* ExpenseItem.swift */; };
		492D50032AB5CF9E00331319 /* Expenses.swift in Sources */ = {isa = PBXBuildFile; fileRef = 492D50022AB5CF9E00331319 /* Expenses.swift */; };
		492D50062AB5DB3F00331319 /* AddView.swift in Sources */ = {isa = PBXBuildFile; fileRef = 492D50052AB5DB3F00331319 /* AddView.swift */; };
/* End PBXBuildFile section */

/* Begin PBXFileReference section */
		492D4FEE2AB5CE8B00331319 /* SwiftUI-iExpense-Sample.app */ = {isa = PBXFileReference; explicitFileType = wrapper.application; includeInIndex = 0; path = "SwiftUI-iExpense-Sample.app"; sourceTree = BUILT_PRODUCTS_DIR; };
		492D4FF12AB5CE8B00331319 /* SwiftUI_iExpense_SampleApp.swift */ = {isa = PBXFileReference; lastKnownFileType = sourcecode.swift; path = SwiftUI_iExpense_SampleApp.swift; sourceTree = "<group>"; };
		492D4FF32AB5CE8B00331319 /* ContentView.swift */ = {isa = PBXFileReference; lastKnownFileType = sourcecode.swift; path = ContentView.swift; sourceTree = "<group>"; };
		492D4FF52AB5CE8D00331319 /* Assets.xcassets */ = {isa = PBXFileReference; lastKnownFileType = folder.assetcatalog; path = Assets.xcassets; sourceTree = "<group>"; };
		492D4FF82AB5CE8D00331319 /* Preview Assets.xcassets */ = {isa = PBXFileReference; lastKnownFileType = folder.assetcatalog; path = "Preview Assets.xcassets"; sourceTree = "<group>"; };
		492D50002AB5CED600331319 /* ExpenseItem.swift */ = {isa = PBXFileReference; lastKnownFileType = sourcecode.swift; path = ExpenseItem.swift; sourceTree = "<group>"; };
		492D50022AB5CF9E00331319 /* Expenses.swift */ = {isa = PBXFileReference; lastKnownFileType = sourcecode.swift; path = Expenses.swift; sourceTree = "<group>"; };
		492D50052AB5DB3F00331319 /* AddView.swift */ = {isa = PBXFileReference; lastKnownFileType = sourcecode.swift; path = AddView.swift; sourceTree = "<group>"; };
/* End PBXFileReference section */

/* Begin PBXFrameworksBuildPhase section */
		492D4FEB2AB5CE8B00331319 /* Frameworks */ = {
			isa = PBXFrameworksBuildPhase;
			buildActionMask = 2147483647;
			files = (
			);
			runOnlyForDeploymentPostprocessing = 0;
		};
/* End PBXFrameworksBuildPhase section */

/* Begin PBXGroup section */
		492D4FE52AB5CE8B00331319 = {
			isa = PBXGroup;
			children = (
				492D4FF02AB5CE8B00331319 /* SwiftUI-iExpense-Sample */,
				492D4FEF2AB5CE8B00331319 /* Products */,
			);
			sourceTree = "<group>";
		};
		492D4FEF2AB5CE8B00331319 /* Products */ = {
			isa = PBXGroup;
			children = (
				492D4FEE2AB5CE8B00331319 /* SwiftUI-iExpense-Sample.app */,
			);
			name = Products;
			sourceTree = "<group>";
		};
		492D4FF02AB5CE8B00331319 /* SwiftUI-iExpense-Sample */ = {
			isa = PBXGroup;
			children = (
				492D4FFF2AB5CEBC00331319 /* Model */,
				492D4FF12AB5CE8B00331319 /* SwiftUI_iExpense_SampleApp.swift */,
				492D50042AB5D01700331319 /* Views */,
				492D4FF52AB5CE8D00331319 /* Assets.xcassets */,
				492D4FF72AB5CE8D00331319 /* Preview Content */,
			);
			path = "SwiftUI-iExpense-Sample";
			sourceTree = "<group>";
		};
		492D4FF72AB5CE8D00331319 /* Preview Content */ = {
			isa = PBXGroup;
			children = (
				492D4FF82AB5CE8D00331319 /* Preview Assets.xcassets */,
			);
			path = "Preview Content";
			sourceTree = "<group>";
		};
		492D4FFF2AB5CEBC00331319 /* Model */ = {
			isa = PBXGroup;
			children = (
				492D50002AB5CED600331319 /* ExpenseItem.swift */,
				492D50022AB5CF9E00331319 /* Expenses.swift */,
			);
			name = Model;
			path = "Öodel";
			sourceTree = "<group>";
		};
		492D50042AB5D01700331319 /* Views */ = {
			isa = PBXGroup;
			children = (
				492D4FF32AB5CE8B00331319 /* ContentView.swift */,
				492D50052AB5DB3F00331319 /* AddView.swift */,
			);
			path = Views;
			sourceTree = "<group>";
		};
/* End PBXGroup section */

/* Begin PBXNativeTarget section */
		492D4FED2AB5CE8B00331319 /* SwiftUI-iExpense-Sample */ = {
			isa = PBXNativeTarget;
			buildConfigurationList = 492D4FFC2AB5CE8D00331319 /* Build configuration list for PBXNativeTarget "SwiftUI-iExpense-Sample" */;
			buildPhases = (
				492D4FEA2AB5CE8B00331319 /* Sources */,
				492D4FEB2AB5CE8B00331319 /* Frameworks */,
				492D4FEC2AB5CE8B00331319 /* Resources */,
			);
			buildRules = (
			);
			dependencies = (
			);
			name = "SwiftUI-iExpense-Sample";
			productName = "SwiftUI-iExpense-Sample";
			productReference = 492D4FEE2AB5CE8B00331319 /* SwiftUI-iExpense-Sample.app */;
			productType = "com.apple.product-type.application";
		};
/* End PBXNativeTarget section */

/* Begin PBXProject section */
		492D4FE62AB5CE8B00331319 /* Project object */ = {
			isa = PBXProject;
			attributes = {
				BuildIndependentTargetsInParallel = 1;
				LastSwiftUpdateCheck = 1430;
				LastUpgradeCheck = 1430;
				TargetAttributes = {
					492D4FED2AB5CE8B00331319 = {
						CreatedOnToolsVersion = 14.3.1;
					};
				};
			};
			buildConfigurationList = 492D4FE92AB5CE8B00331319 /* Build configuration list for PBXProject "SwiftUI-iExpense-Sample" */;
			compatibilityVersion = "Xcode 14.0";
			developmentRegion = en;
			hasScannedForEncodings = 0;
			knownRegions = (
				en,
				Base,
			);
			mainGroup = 492D4FE52AB5CE8B00331319;
			productRefGroup = 492D4FEF2AB5CE8B00331319 /* Products */;
			projectDirPath = "";
			projectRoot = "";
			targets = (
				492D4FED2AB5CE8B00331319 /* SwiftUI-iExpense-Sample */,
			);
		};
/* End PBXProject section */

/* Begin PBXResourcesBuildPhase section */
		492D4FEC2AB5CE8B00331319 /* Resources */ = {
			isa = PBXResourcesBuildPhase;
			buildActionMask = 2147483647;
			files = (
				492D4FF92AB5CE8D00331319 /* Preview Assets.xcassets in Resources */,
				492D4FF62AB5CE8D00331319 /* Assets.xcassets in Resources */,
			);
			runOnlyForDeploymentPostprocessing = 0;
		};
/* End PBXResourcesBuildPhase section */

/* Begin PBXSourcesBuildPhase section */
		492D4FEA2AB5CE8B00331319 /* Sources */ = {
			isa = PBXSourcesBuildPhase;
			buildActionMask = 2147483647;
			files = (
				492D50032AB5CF9E00331319 /* Expenses.swift in Sources */,
				492D4FF42AB5CE8B00331319 /* ContentView.swift in Sources */,
				492D50062AB5DB3F00331319 /* AddView.swift in Sources */,
				492D50012AB5CED600331319 /* ExpenseItem.swift in Sources */,
				492D4FF22AB5CE8B00331319 /* SwiftUI_iExpense_SampleApp.swift in Sources */,
			);
			runOnlyForDeploymentPostprocessing = 0;
		};
/* End PBXSourcesBuildPhase section */

/* Begin XCBuildConfiguration section */
		492D4FFA2AB5CE8D00331319 /* Debug */ = {
			isa = XCBuildConfiguration;
			buildSettings = {
				ALWAYS_SEARCH_USER_PATHS = NO;
				CLANG_ANALYZER_NONNULL = YES;
				CLANG_ANALYZER_NUMBER_OBJECT_CONVERSION = YES_AGGRESSIVE;
				CLANG_CXX_LANGUAGE_STANDARD = "gnu++20";
				CLANG_ENABLE_MODULES = YES;
				CLANG_ENABLE_OBJC_ARC = YES;
				CLANG_ENABLE_OBJC_WEAK = YES;
				CLANG_WARN_BLOCK_CAPTURE_AUTORELEASING = YES;
				CLANG_WARN_BOOL_CONVERSION = YES;
				CLANG_WARN_COMMA = YES;
				CLANG_WARN_CONSTANT_CONVERSION = YES;
				CLANG_WARN_DEPRECATED_OBJC_IMPLEMENTATIONS = YES;
				CLANG_WARN_DIRECT_OBJC_ISA_USAGE = YES_ERROR;
				CLANG_WARN_DOCUMENTATION_COMMENTS = YES;
				CLANG_WARN_EMPTY_BODY = YES;
				CLANG_WARN_ENUM_CONVERSION = YES;
				CLANG_WARN_INFINITE_RECURSION = YES;
				CLANG_WARN_INT_CONVERSION = YES;
				CLANG_WARN_NON_LITERAL_NULL_CONVERSION = YES;
				CLANG_WARN_OBJC_IMPLICIT_RETAIN_SELF = YES;
				CLANG_WARN_OBJC_LITERAL_CONVERSION = YES;
				CLANG_WARN_OBJC_ROOT_CLASS = YES_ERROR;
				CLANG_WARN_QUOTED_INCLUDE_IN_FRAMEWORK_HEADER = YES;
				CLANG_WARN_RANGE_LOOP_ANALYSIS = YES;
				CLANG_WARN_STRICT_PROTOTYPES = YES;
				CLANG_WARN_SUSPICIOUS_MOVE = YES;
				CLANG_WARN_UNGUARDED_AVAILABILITY = YES_AGGRESSIVE;
				CLANG_WARN_UNREACHABLE_CODE = YES;
				CLANG_WARN__DUPLICATE_METHOD_MATCH = YES;
				COPY_PHASE_STRIP = NO;
				DEBUG_INFORMATION_FORMAT = dwarf;
				ENABLE_STRICT_OBJC_MSGSEND = YES;
				ENABLE_TESTABILITY = YES;
				GCC_C_LANGUAGE_STANDARD = gnu11;
				GCC_DYNAMIC_NO_PIC = NO;
				GCC_NO_COMMON_BLOCKS = YES;
				GCC_OPTIMIZATION_LEVEL = 0;
				GCC_PREPROCESSOR_DEFINITIONS = (
					"DEBUG=1",
					"$(inherited)",
				);
				GCC_WARN_64_TO_32_BIT_CONVERSION = YES;
				GCC_WARN_ABOUT_RETURN_TYPE = YES_ERROR;
				GCC_WARN_UNDECLARED_SELECTOR = YES;
				GCC_WARN_UNINITIALIZED_AUTOS = YES_AGGRESSIVE;
				GCC_WARN_UNUSED_FUNCTION = YES;
				GCC_WARN_UNUSED_VARIABLE = YES;
				IPHONEOS_DEPLOYMENT_TARGET = 16.4;
				MTL_ENABLE_DEBUG_INFO = INCLUDE_SOURCE;
				MTL_FAST_MATH = YES;
				ONLY_ACTIVE_ARCH = YES;
				SDKROOT = iphoneos;
				SWIFT_ACTIVE_COMPILATION_CONDITIONS = DEBUG;
				SWIFT_OPTIMIZATION_LEVEL = "-Onone";
			};
			name = Debug;
		};
		492D4FFB2AB5CE8D00331319 /* Release */ = {
			isa = XCBuildConfiguration;
			buildSettings = {
				ALWAYS_SEARCH_USER_PATHS = NO;
				CLANG_ANALYZER_NONNULL = YES;
				CLANG_ANALYZER_NUMBER_OBJECT_CONVERSION = YES_AGGRESSIVE;
				CLANG_CXX_LANGUAGE_STANDARD = "gnu++20";
				CLANG_ENABLE_MODULES = YES;
				CLANG_ENABLE_OBJC_ARC = YES;
				CLANG_ENABLE_OBJC_WEAK = YES;
				CLANG_WARN_BLOCK_CAPTURE_AUTORELEASING = YES;
				CLANG_WARN_BOOL_CONVERSION = YES;
				CLANG_WARN_COMMA = YES;
				CLANG_WARN_CONSTANT_CONVERSION = YES;
				CLANG_WARN_DEPRECATED_OBJC_IMPLEMENTATIONS = YES;
				CLANG_WARN_DIRECT_OBJC_ISA_USAGE = YES_ERROR;
				CLANG_WARN_DOCUMENTATION_COMMENTS = YES;
				CLANG_WARN_EMPTY_BODY = YES;
				CLANG_WARN_ENUM_CONVERSION = YES;
				CLANG_WARN_INFINITE_RECURSION = YES;
				CLANG_WARN_INT_CONVERSION = YES;
				CLANG_WARN_NON_LITERAL_NULL_CONVERSION = YES;
				CLANG_WARN_OBJC_IMPLICIT_RETAIN_SELF = YES;
				CLANG_WARN_OBJC_LITERAL_CONVERSION = YES;
				CLANG_WARN_OBJC_ROOT_CLASS = YES_ERROR;
				CLANG_WARN_QUOTED_INCLUDE_IN_FRAMEWORK_HEADER = YES;
				CLANG_WARN_RANGE_LOOP_ANALYSIS = YES;
				CLANG_WARN_STRICT_PROTOTYPES = YES;
				CLANG_WARN_SUSPICIOUS_MOVE = YES;
				CLANG_WARN_UNGUARDED_AVAILABILITY = YES_AGGRESSIVE;
				CLANG_WARN_UNREACHABLE_CODE = YES;
				CLANG_WARN__DUPLICATE_METHOD_MATCH = YES;
				COPY_PHASE_STRIP = NO;
				DEBUG_INFORMATION_FORMAT = "dwarf-with-dsym";
				ENABLE_NS_ASSERTIONS = NO;
				ENABLE_STRICT_OBJC_MSGSEND = YES;
				GCC_C_LANGUAGE_STANDARD = gnu11;
				GCC_NO_COMMON_BLOCKS = YES;
				GCC_WARN_64_TO_32_BIT_CONVERSION = YES;
				GCC_WARN_ABOUT_RETURN_TYPE = YES_ERROR;
				GCC_WARN_UNDECLARED_SELECTOR = YES;
				GCC_WARN_UNINITIALIZED_AUTOS = YES_AGGRESSIVE;
				GCC_WARN_UNUSED_FUNCTION = YES;
				GCC_WARN_UNUSED_VARIABLE = YES;
				IPHONEOS_DEPLOYMENT_TARGET = 16.4;
				MTL_ENABLE_DEBUG_INFO = NO;
				MTL_FAST_MATH = YES;
				SDKROOT = iphoneos;
				SWIFT_COMPILATION_MODE = wholemodule;
				SWIFT_OPTIMIZATION_LEVEL = "-O";
				VALIDATE_PRODUCT = YES;
			};
			name = Release;
		};
		492D4FFD2AB5CE8D00331319 /* Debug */ = {
			isa = XCBuildConfiguration;
			buildSettings = {
				ASSETCATALOG_COMPILER_APPICON_NAME = AppIcon;
				ASSETCATALOG_COMPILER_GLOBAL_ACCENT_COLOR_NAME = AccentColor;
				CODE_SIGN_STYLE = Automatic;
				CURRENT_PROJECT_VERSION = 1;
				DEVELOPMENT_ASSET_PATHS = "\"SwiftUI-iExpense-Sample/Preview Content\"";
				ENABLE_PREVIEWS = YES;
				GENERATE_INFOPLIST_FILE = YES;
				INFOPLIST_KEY_UIApplicationSceneManifest_Generation = YES;
				INFOPLIST_KEY_UIApplicationSupportsIndirectInputEvents = YES;
				INFOPLIST_KEY_UILaunchScreen_Generation = YES;
				INFOPLIST_KEY_UISupportedInterfaceOrientations_iPad = "UIInterfaceOrientationPortrait UIInterfaceOrientationPortraitUpsideDown UIInterfaceOrientationLandscapeLeft UIInterfaceOrientationLandscapeRight";
				INFOPLIST_KEY_UISupportedInterfaceOrientations_iPhone = "UIInterfaceOrientationPortrait UIInterfaceOrientationLandscapeLeft UIInterfaceOrientationLandscapeRight";
				LD_RUNPATH_SEARCH_PATHS = (
					"$(inherited)",
					"@executable_path/Frameworks",
				);
				MARKETING_VERSION = 1.0;
				PRODUCT_BUNDLE_IDENTIFIER = "com.ekayaint.SwiftUI-iExpense-Sample";
				PRODUCT_NAME = "$(TARGET_NAME)";
				SWIFT_EMIT_LOC_STRINGS = YES;
				SWIFT_VERSION = 5.0;
				TARGETED_DEVICE_FAMILY = "1,2";
			};
			name = Debug;
		};
		492D4FFE2AB5CE8D00331319 /* Release */ = {
			isa = XCBuildConfiguration;
			buildSettings = {
				ASSETCATALOG_COMPILER_APPICON_NAME = AppIcon;
				ASSETCATALOG_COMPILER_GLOBAL_ACCENT_COLOR_NAME = AccentColor;
				CODE_SIGN_STYLE = Automatic;
				CURRENT_PROJECT_VERSION = 1;
				DEVELOPMENT_ASSET_PATHS = "\"SwiftUI-iExpense-Sample/Preview Content\"";
				ENABLE_PREVIEWS = YES;
				GENERATE_INFOPLIST_FILE = YES;
				INFOPLIST_KEY_UIApplicationSceneManifest_Generation = YES;
				INFOPLIST_KEY_UIApplicationSupportsIndirectInputEvents = YES;
				INFOPLIST_KEY_UILaunchScreen_Generation = YES;
				INFOPLIST_KEY_UISupportedInterfaceOrientations_iPad = "UIInterfaceOrientationPortrait UIInterfaceOrientationPortraitUpsideDown UIInterfaceOrientationLandscapeLeft UIInterfaceOrientationLandscapeRight";
				INFOPLIST_KEY_UISupportedInterfaceOrientations_iPhone = "UIInterfaceOrientationPortrait UIInterfaceOrientationLandscapeLeft UIInterfaceOrientationLandscapeRight";
				LD_RUNPATH_SEARCH_PATHS = (
					"$(inherited)",
					"@executable_path/Frameworks",
				);
				MARKETING_VERSION = 1.0;
				PRODUCT_BUNDLE_IDENTIFIER = "com.ekayaint.SwiftUI-iExpense-Sample";
				PRODUCT_NAME = "$(TARGET_NAME)";
				SWIFT_EMIT_LOC_STRINGS = YES;
				SWIFT_VERSION = 5.0;
				TARGETED_DEVICE_FAMILY = "1,2";
			};
			name = Release;
		};
/* End XCBuildConfiguration section */

/* Begin XCConfigurationList section */
		492D4FE92AB5CE8B00331319 /* Build configuration list for PBXProject "SwiftUI-iExpense-Sample" */ = {
			isa = XCConfigurationList;
			buildConfigurations = (
				492D4FFA2AB5CE8D00331319 /* Debug */,
				492D4FFB2AB5CE8D00331319 /* Release */,
			);
			defaultConfigurationIsVisible = 0;
			defaultConfigurationName = Release;
		};
		492D4FFC2AB5CE8D00331319 /* Build configuration list for PBXNativeTarget "SwiftUI-iExpense-Sample" */ = {
			isa = XCConfigurationList;
			buildConfigurations = (
				492D4FFD2AB5CE8D00331319 /* Debug */,
				492D4FFE2AB5CE8D00331319 /* Release */,
			);
			defaultConfigurationIsVisible = 0;
			defaultConfigurationName = Release;
		};
/* End XCConfigurationList section */
	};
	rootObject = 492D4FE62AB5CE8B00331319 /* Project object */;
}
